
Microsoft Visual Studio Solution File, Format Version 12.00
# Visual Studio Version 16
VisualStudioVersion = 16.0.31205.134
MinimumVisualStudioVersion = 10.0.40219.1
Project("{FAE04EC0-301F-11D3-BF4B-00C04F79EFBC}") = "Test", "Test.csproj", "{3D9B13F5-7BCD-4D95-A2E7-7A6A76D72A96}"
EndProject
Global
	GlobalSection(SolutionConfigurationPlatforms) = preSolution
		Debug|Any CPU = Debug|Any CPU
		Release|Any CPU = Release|Any CPU
	EndGlobalSection
	GlobalSection(ProjectConfigurationPlatforms) = postSolution
		{3D9B13F5-7BCD-4D95-A2E7-7A6A76D72A96}.Debug|Any CPU.ActiveCfg = Debug|Any CPU
		{3D9B13F5-7BCD-4D95-A2E7-7A6A76D72A96}.Debug|Any CPU.Build.0 = Debug|Any CPU
		{3D9B13F5-7BCD-4D95-A2E7-7A6A76D72A96}.Release|Any CPU.ActiveCfg = Release|Any CPU
		{3D9B13F5-7BCD-4D95-A2E7-7A6A76D72A96}.Release|Any CPU.Build.0 = Release|Any CPU
	EndGlobalSection
	GlobalSection(SolutionProperties) = preSolution
		HideSolutionNode = FALSE
	EndGlobalSection
	GlobalSection(ExtensibilityGlobals) = postSolution
		SolutionGuid = {287AB573-8CFF-406D-9A3D-3C10C14F2084}
	EndGlobalSection
EndGlobal
